
Microsoft Visual Studio Solution File, Format Version 12.00
# Visual Studio 15
VisualStudioVersion = 15.0.27703.2018
MinimumVisualStudioVersion = 10.0.40219.1
Project("{FAE04EC0-301F-11D3-BF4B-00C04F79EFBC}") = "MIMSS", "MIMSS.csproj", "{386D3630-D948-421F-85CC-066EDFBC5F05}"
EndProject
Global
	GlobalSection(SolutionConfigurationPlatforms) = preSolution
		Debug|Any CPU = Debug|Any CPU
		Release|Any CPU = Release|Any CPU
	EndGlobalSection
	GlobalSection(ProjectConfigurationPlatforms) = postSolution
		{386D3630-D948-421F-85CC-066EDFBC5F05}.Debug|Any CPU.ActiveCfg = Debug|Any CPU
		{386D3630-D948-421F-85CC-066EDFBC5F05}.Debug|Any CPU.Build.0 = Debug|Any CPU
		{386D3630-D948-421F-85CC-066EDFBC5F05}.Release|Any CPU.ActiveCfg = Release|Any CPU
		{386D3630-D948-421F-85CC-066EDFBC5F05}.Release|Any CPU.Build.0 = Release|Any CPU
	EndGlobalSection
	GlobalSection(SolutionProperties) = preSolution
		HideSolutionNode = FALSE
	EndGlobalSection
	GlobalSection(ExtensibilityGlobals) = postSolution
		SolutionGuid = {79486AA9-B598-4E16-8291-472C50F6F999}
	EndGlobalSection
EndGlobal
